
Microsoft Visual Studio Solution File, Format Version 12.00
# Visual Studio 15
VisualStudioVersion = 15.0.27130.0
MinimumVisualStudioVersion = 10.0.40219.1
Project("{FAE04EC0-301F-11D3-BF4B-00C04F79EFBC}") = "RobotCleaner.Prototype", "RobotCleaner.Prototype\RobotCleaner.Prototype.csproj", "{7CE1B3B4-5FA3-46CC-96C6-240BE91A5DD5}"
EndProject
Project("{FAE04EC0-301F-11D3-BF4B-00C04F79EFBC}") = "RobotCleaner", "RobotCleaner\RobotCleaner.csproj", "{A2718629-ED42-42EB-BB01-8C67523E06D9}"
EndProject
Project("{FAE04EC0-301F-11D3-BF4B-00C04F79EFBC}") = "RobotCleaner.Tests", "RobotCleaner.Tests\RobotCleaner.Tests.csproj", "{0A00695C-E1DF-43AA-9F69-60A0AFB7BD44}"
EndProject
Global
	GlobalSection(SolutionConfigurationPlatforms) = preSolution
		Debug|Any CPU = Debug|Any CPU
		Release|Any CPU = Release|Any CPU
	EndGlobalSection
	GlobalSection(ProjectConfigurationPlatforms) = postSolution
		{7CE1B3B4-5FA3-46CC-96C6-240BE91A5DD5}.Debug|Any CPU.ActiveCfg = Debug|Any CPU
		{7CE1B3B4-5FA3-46CC-96C6-240BE91A5DD5}.Debug|Any CPU.Build.0 = Debug|Any CPU
		{7CE1B3B4-5FA3-46CC-96C6-240BE91A5DD5}.Release|Any CPU.ActiveCfg = Release|Any CPU
		{7CE1B3B4-5FA3-46CC-96C6-240BE91A5DD5}.Release|Any CPU.Build.0 = Release|Any CPU
		{A2718629-ED42-42EB-BB01-8C67523E06D9}.Debug|Any CPU.ActiveCfg = Debug|Any CPU
		{A2718629-ED42-42EB-BB01-8C67523E06D9}.Debug|Any CPU.Build.0 = Debug|Any CPU
		{A2718629-ED42-42EB-BB01-8C67523E06D9}.Release|Any CPU.ActiveCfg = Release|Any CPU
		{A2718629-ED42-42EB-BB01-8C67523E06D9}.Release|Any CPU.Build.0 = Release|Any CPU
		{0A00695C-E1DF-43AA-9F69-60A0AFB7BD44}.Debug|Any CPU.ActiveCfg = Debug|Any CPU
		{0A00695C-E1DF-43AA-9F69-60A0AFB7BD44}.Debug|Any CPU.Build.0 = Debug|Any CPU
		{0A00695C-E1DF-43AA-9F69-60A0AFB7BD44}.Release|Any CPU.ActiveCfg = Release|Any CPU
		{0A00695C-E1DF-43AA-9F69-60A0AFB7BD44}.Release|Any CPU.Build.0 = Release|Any CPU
	EndGlobalSection
	GlobalSection(SolutionProperties) = preSolution
		HideSolutionNode = FALSE
	EndGlobalSection
	GlobalSection(ExtensibilityGlobals) = postSolution
		SolutionGuid = {64084F73-6A9B-4A39-BD14-69525F2C085A}
	EndGlobalSection
EndGlobal
